// !$*UTF8*$!
{
	archiveVersion = 1;
	classes = {
	};
	objectVersion = 56;
	objects = {

/* Begin PBXBuildFile section */
		111646CD29DF2767004EEE20 /* FilledAddressView.swift in Sources */ = {isa = PBXBuildFile; fileRef = 111646CC29DF2767004EEE20 /* FilledAddressView.swift */; };
		111646CF29E05DA3004EEE20 /* ContainerView.swift in Sources */ = {isa = PBXBuildFile; fileRef = 111646CE29E05DA3004EEE20 /* ContainerView.swift */; };
		111646D129E086B1004EEE20 /* ChippingAddress.swift in Sources */ = {isa = PBXBuildFile; fileRef = 111646D029E086B1004EEE20 /* ChippingAddress.swift */; };
		111646D329E0877F004EEE20 /* PaymentMethod.swift in Sources */ = {isa = PBXBuildFile; fileRef = 111646D229E0877F004EEE20 /* PaymentMethod.swift */; };
		111646D529E09513004EEE20 /* FilledPaymentMethodView.swift in Sources */ = {isa = PBXBuildFile; fileRef = 111646D429E09513004EEE20 /* FilledPaymentMethodView.swift */; };
		114466C929D2D2B900E504F8 /* UIScrollView+make.swift in Sources */ = {isa = PBXBuildFile; fileRef = 114466C829D2D2B900E504F8 /* UIScrollView+make.swift */; };
		114466CB29D2D36200E504F8 /* UIStackView+make.swift in Sources */ = {isa = PBXBuildFile; fileRef = 114466CA29D2D36200E504F8 /* UIStackView+make.swift */; };
		1160A04C29E970BF009AB1C6 /* PurchaseResultViewController.swift in Sources */ = {isa = PBXBuildFile; fileRef = 1160A04B29E970BF009AB1C6 /* PurchaseResultViewController.swift */; };
		1160A04E29E970D6009AB1C6 /* PurchaseResultPresenter.swift in Sources */ = {isa = PBXBuildFile; fileRef = 1160A04D29E970D6009AB1C6 /* PurchaseResultPresenter.swift */; };
		1163019129ED8F810031362C /* ErrorMessageViewController.swift in Sources */ = {isa = PBXBuildFile; fileRef = 1163019029ED8F810031362C /* ErrorMessageViewController.swift */; };
		1163019329ED8FA30031362C /* ErrorMessagePresenter.swift in Sources */ = {isa = PBXBuildFile; fileRef = 1163019229ED8FA30031362C /* ErrorMessagePresenter.swift */; };
		11646EE529CF80AA004C9EC2 /* AddCheckoutDetailsView.swift in Sources */ = {isa = PBXBuildFile; fileRef = 11646EE429CF80AA004C9EC2 /* AddCheckoutDetailsView.swift */; };
		117CB24929AE10C6006F4192 /* StoreViewController.swift in Sources */ = {isa = PBXBuildFile; fileRef = 117CB24829AE10C6006F4192 /* StoreViewController.swift */; };
		117CB24C29AE1185006F4192 /* SnapKit in Frameworks */ = {isa = PBXBuildFile; productRef = 117CB24B29AE1185006F4192 /* SnapKit */; };
		117CB25429AE13DE006F4192 /* PaymentMethodViewController.swift in Sources */ = {isa = PBXBuildFile; fileRef = 117CB25329AE13DE006F4192 /* PaymentMethodViewController.swift */; };
		117CB25629AE13F4006F4192 /* AddressViewController.swift in Sources */ = {isa = PBXBuildFile; fileRef = 117CB25529AE13F4006F4192 /* AddressViewController.swift */; };
		117CB25829AE140A006F4192 /* ProductViewController.swift in Sources */ = {isa = PBXBuildFile; fileRef = 117CB25729AE140A006F4192 /* ProductViewController.swift */; };
		117CB25A29AE1415006F4192 /* CartViewController.swift in Sources */ = {isa = PBXBuildFile; fileRef = 117CB25929AE1415006F4192 /* CartViewController.swift */; };
		117CB25C29AE142E006F4192 /* CheckoutViewController.swift in Sources */ = {isa = PBXBuildFile; fileRef = 117CB25B29AE142E006F4192 /* CheckoutViewController.swift */; };
		1185D6C729B72BD200833991 /* StorePresenter.swift in Sources */ = {isa = PBXBuildFile; fileRef = 1185D6C629B72BD200833991 /* StorePresenter.swift */; };
		1185D6C929B72BEE00833991 /* ProductPresenter.swift in Sources */ = {isa = PBXBuildFile; fileRef = 1185D6C829B72BEE00833991 /* ProductPresenter.swift */; };
		1185D6CB29B72BF800833991 /* CartPresenter.swift in Sources */ = {isa = PBXBuildFile; fileRef = 1185D6CA29B72BF800833991 /* CartPresenter.swift */; };
		1185D6CD29B72C0600833991 /* AddressPresenter.swift in Sources */ = {isa = PBXBuildFile; fileRef = 1185D6CC29B72C0600833991 /* AddressPresenter.swift */; };
		1185D6CF29B72C1000833991 /* PaymentMethodPresenter.swift in Sources */ = {isa = PBXBuildFile; fileRef = 1185D6CE29B72C1000833991 /* PaymentMethodPresenter.swift */; };
		1185D6D129B72C1D00833991 /* CheckoutPresenter.swift in Sources */ = {isa = PBXBuildFile; fileRef = 1185D6D029B72C1D00833991 /* CheckoutPresenter.swift */; };
		1185D6D329B72C2E00833991 /* TestPresenter.swift in Sources */ = {isa = PBXBuildFile; fileRef = 1185D6D229B72C2E00833991 /* TestPresenter.swift */; };
		1185D6D829B72D8B00833991 /* ModuleBuilder.swift in Sources */ = {isa = PBXBuildFile; fileRef = 1185D6D729B72D8B00833991 /* ModuleBuilder.swift */; };
		1185D6DA29B72D9C00833991 /* Router.swift in Sources */ = {isa = PBXBuildFile; fileRef = 1185D6D929B72D9C00833991 /* Router.swift */; };
		1185D6DC29B7C09500833991 /* UIButton+make.swift in Sources */ = {isa = PBXBuildFile; fileRef = 1185D6DB29B7C09500833991 /* UIButton+make.swift */; };
		1186C931299FFA66002852BB /* AppDelegate.swift in Sources */ = {isa = PBXBuildFile; fileRef = 1186C930299FFA66002852BB /* AppDelegate.swift */; };
		1186C933299FFA66002852BB /* SceneDelegate.swift in Sources */ = {isa = PBXBuildFile; fileRef = 1186C932299FFA66002852BB /* SceneDelegate.swift */; };
		1186C935299FFA66002852BB /* TestViewController.swift in Sources */ = {isa = PBXBuildFile; fileRef = 1186C934299FFA66002852BB /* TestViewController.swift */; };
		1186C938299FFA66002852BB /* TestStoryboard.storyboard in Resources */ = {isa = PBXBuildFile; fileRef = 1186C936299FFA66002852BB /* TestStoryboard.storyboard */; };
		1186C93A299FFA66002852BB /* Assets.xcassets in Resources */ = {isa = PBXBuildFile; fileRef = 1186C939299FFA66002852BB /* Assets.xcassets */; };
		1186C93D299FFA66002852BB /* LaunchScreen.storyboard in Resources */ = {isa = PBXBuildFile; fileRef = 1186C93B299FFA66002852BB /* LaunchScreen.storyboard */; };
		1186C98729A2A0B7002852BB /* TenorSans-Regular.ttf in Resources */ = {isa = PBXBuildFile; fileRef = 1186C98629A2A0B7002852BB /* TenorSans-Regular.ttf */; };
		1186C98F29A2AD07002852BB /* String+setStyle.swift in Sources */ = {isa = PBXBuildFile; fileRef = 1186C98E29A2AD07002852BB /* String+setStyle.swift */; };
		11A8F63D29E195A70048EF2E /* UIImage+make.swift in Sources */ = {isa = PBXBuildFile; fileRef = 11A8F63C29E195A70048EF2E /* UIImage+make.swift */; };
		11CF2AD629C896D50065D47F /* UITextField+make.swift in Sources */ = {isa = PBXBuildFile; fileRef = 11CF2AD529C896D50065D47F /* UITextField+make.swift */; };
		11CF2AFB29CC23DC0065D47F /* UILabel+make.swift in Sources */ = {isa = PBXBuildFile; fileRef = 11CF2AFA29CC23DB0065D47F /* UILabel+make.swift */; };
		11CF2AFF29CC3FE70065D47F /* HeaderNamedView.swift in Sources */ = {isa = PBXBuildFile; fileRef = 11CF2AFE29CC3FE70065D47F /* HeaderNamedView.swift */; };
		11CF2B0129CD8B3B0065D47F /* FooterTotalPriceView.swift in Sources */ = {isa = PBXBuildFile; fileRef = 11CF2B0029CD8B3B0065D47F /* FooterTotalPriceView.swift */; };
		11E5F4AA29BDE87200B979B4 /* ImageName.swift in Sources */ = {isa = PBXBuildFile; fileRef = 11E5F4A929BDE87200B979B4 /* ImageName.swift */; };
		11E5F4AD29BE095200B979B4 /* CartProduct.swift in Sources */ = {isa = PBXBuildFile; fileRef = 11E5F4AC29BE095200B979B4 /* CartProduct.swift */; };
		11E5F4AF29BE09EA00B979B4 /* Product.swift in Sources */ = {isa = PBXBuildFile; fileRef = 11E5F4AE29BE09EA00B979B4 /* Product.swift */; };
		11E5F4B329BF398A00B979B4 /* CATransitionFactory.swift in Sources */ = {isa = PBXBuildFile; fileRef = 11E5F4B229BF398A00B979B4 /* CATransitionFactory.swift */; };
		11F0DACA29E85868003ADE45 /* HeaderBrandedView.swift in Sources */ = {isa = PBXBuildFile; fileRef = 11F0DAC929E85868003ADE45 /* HeaderBrandedView.swift */; };
/* End PBXBuildFile section */

/* Begin PBXFileReference section */
		111646CC29DF2767004EEE20 /* FilledAddressView.swift */ = {isa = PBXFileReference; lastKnownFileType = sourcecode.swift; path = FilledAddressView.swift; sourceTree = "<group>"; };
		111646CE29E05DA3004EEE20 /* ContainerView.swift */ = {isa = PBXFileReference; lastKnownFileType = sourcecode.swift; path = ContainerView.swift; sourceTree = "<group>"; };
		111646D029E086B1004EEE20 /* ChippingAddress.swift */ = {isa = PBXFileReference; lastKnownFileType = sourcecode.swift; path = ChippingAddress.swift; sourceTree = "<group>"; };
		111646D229E0877F004EEE20 /* PaymentMethod.swift */ = {isa = PBXFileReference; lastKnownFileType = sourcecode.swift; path = PaymentMethod.swift; sourceTree = "<group>"; };
		111646D429E09513004EEE20 /* FilledPaymentMethodView.swift */ = {isa = PBXFileReference; lastKnownFileType = sourcecode.swift; path = FilledPaymentMethodView.swift; sourceTree = "<group>"; };
		114466C829D2D2B900E504F8 /* UIScrollView+make.swift */ = {isa = PBXFileReference; lastKnownFileType = sourcecode.swift; path = "UIScrollView+make.swift"; sourceTree = "<group>"; };
		114466CA29D2D36200E504F8 /* UIStackView+make.swift */ = {isa = PBXFileReference; lastKnownFileType = sourcecode.swift; path = "UIStackView+make.swift"; sourceTree = "<group>"; };
		1160A04B29E970BF009AB1C6 /* PurchaseResultViewController.swift */ = {isa = PBXFileReference; lastKnownFileType = sourcecode.swift; path = PurchaseResultViewController.swift; sourceTree = "<group>"; };
		1160A04D29E970D6009AB1C6 /* PurchaseResultPresenter.swift */ = {isa = PBXFileReference; lastKnownFileType = sourcecode.swift; path = PurchaseResultPresenter.swift; sourceTree = "<group>"; };
		1163019029ED8F810031362C /* ErrorMessageViewController.swift */ = {isa = PBXFileReference; lastKnownFileType = sourcecode.swift; path = ErrorMessageViewController.swift; sourceTree = "<group>"; };
		1163019229ED8FA30031362C /* ErrorMessagePresenter.swift */ = {isa = PBXFileReference; lastKnownFileType = sourcecode.swift; path = ErrorMessagePresenter.swift; sourceTree = "<group>"; };
		11646EE429CF80AA004C9EC2 /* AddCheckoutDetailsView.swift */ = {isa = PBXFileReference; lastKnownFileType = sourcecode.swift; path = AddCheckoutDetailsView.swift; sourceTree = "<group>"; };
		117CB24829AE10C6006F4192 /* StoreViewController.swift */ = {isa = PBXFileReference; lastKnownFileType = sourcecode.swift; path = StoreViewController.swift; sourceTree = "<group>"; };
		117CB25329AE13DE006F4192 /* PaymentMethodViewController.swift */ = {isa = PBXFileReference; lastKnownFileType = sourcecode.swift; path = PaymentMethodViewController.swift; sourceTree = "<group>"; };
		117CB25529AE13F4006F4192 /* AddressViewController.swift */ = {isa = PBXFileReference; lastKnownFileType = sourcecode.swift; path = AddressViewController.swift; sourceTree = "<group>"; };
		117CB25729AE140A006F4192 /* ProductViewController.swift */ = {isa = PBXFileReference; lastKnownFileType = sourcecode.swift; path = ProductViewController.swift; sourceTree = "<group>"; };
		117CB25929AE1415006F4192 /* CartViewController.swift */ = {isa = PBXFileReference; lastKnownFileType = sourcecode.swift; path = CartViewController.swift; sourceTree = "<group>"; };
		117CB25B29AE142E006F4192 /* CheckoutViewController.swift */ = {isa = PBXFileReference; lastKnownFileType = sourcecode.swift; path = CheckoutViewController.swift; sourceTree = "<group>"; };
		1185D6C629B72BD200833991 /* StorePresenter.swift */ = {isa = PBXFileReference; lastKnownFileType = sourcecode.swift; path = StorePresenter.swift; sourceTree = "<group>"; };
		1185D6C829B72BEE00833991 /* ProductPresenter.swift */ = {isa = PBXFileReference; lastKnownFileType = sourcecode.swift; path = ProductPresenter.swift; sourceTree = "<group>"; };
		1185D6CA29B72BF800833991 /* CartPresenter.swift */ = {isa = PBXFileReference; lastKnownFileType = sourcecode.swift; path = CartPresenter.swift; sourceTree = "<group>"; };
		1185D6CC29B72C0600833991 /* AddressPresenter.swift */ = {isa = PBXFileReference; lastKnownFileType = sourcecode.swift; path = AddressPresenter.swift; sourceTree = "<group>"; };
		1185D6CE29B72C1000833991 /* PaymentMethodPresenter.swift */ = {isa = PBXFileReference; lastKnownFileType = sourcecode.swift; path = PaymentMethodPresenter.swift; sourceTree = "<group>"; };
		1185D6D029B72C1D00833991 /* CheckoutPresenter.swift */ = {isa = PBXFileReference; lastKnownFileType = sourcecode.swift; path = CheckoutPresenter.swift; sourceTree = "<group>"; };
		1185D6D229B72C2E00833991 /* TestPresenter.swift */ = {isa = PBXFileReference; lastKnownFileType = sourcecode.swift; path = TestPresenter.swift; sourceTree = "<group>"; };
		1185D6D729B72D8B00833991 /* ModuleBuilder.swift */ = {isa = PBXFileReference; lastKnownFileType = sourcecode.swift; path = ModuleBuilder.swift; sourceTree = "<group>"; };
		1185D6D929B72D9C00833991 /* Router.swift */ = {isa = PBXFileReference; lastKnownFileType = sourcecode.swift; path = Router.swift; sourceTree = "<group>"; };
		1185D6DB29B7C09500833991 /* UIButton+make.swift */ = {isa = PBXFileReference; lastKnownFileType = sourcecode.swift; path = "UIButton+make.swift"; sourceTree = "<group>"; };
		1186C92D299FFA66002852BB /* FashionStore.app */ = {isa = PBXFileReference; explicitFileType = wrapper.application; includeInIndex = 0; path = FashionStore.app; sourceTree = BUILT_PRODUCTS_DIR; };
		1186C930299FFA66002852BB /* AppDelegate.swift */ = {isa = PBXFileReference; lastKnownFileType = sourcecode.swift; path = AppDelegate.swift; sourceTree = "<group>"; };
		1186C932299FFA66002852BB /* SceneDelegate.swift */ = {isa = PBXFileReference; lastKnownFileType = sourcecode.swift; path = SceneDelegate.swift; sourceTree = "<group>"; };
		1186C934299FFA66002852BB /* TestViewController.swift */ = {isa = PBXFileReference; lastKnownFileType = sourcecode.swift; path = TestViewController.swift; sourceTree = "<group>"; };
		1186C937299FFA66002852BB /* Base */ = {isa = PBXFileReference; lastKnownFileType = file.storyboard; name = Base; path = Base.lproj/TestStoryboard.storyboard; sourceTree = "<group>"; };
		1186C939299FFA66002852BB /* Assets.xcassets */ = {isa = PBXFileReference; lastKnownFileType = folder.assetcatalog; path = Assets.xcassets; sourceTree = "<group>"; };
		1186C93C299FFA66002852BB /* Base */ = {isa = PBXFileReference; lastKnownFileType = file.storyboard; name = Base; path = Base.lproj/LaunchScreen.storyboard; sourceTree = "<group>"; };
		1186C93E299FFA66002852BB /* Info.plist */ = {isa = PBXFileReference; lastKnownFileType = text.plist.xml; path = Info.plist; sourceTree = "<group>"; };
		1186C98629A2A0B7002852BB /* TenorSans-Regular.ttf */ = {isa = PBXFileReference; lastKnownFileType = file; path = "TenorSans-Regular.ttf"; sourceTree = "<group>"; };
		1186C98E29A2AD07002852BB /* String+setStyle.swift */ = {isa = PBXFileReference; lastKnownFileType = sourcecode.swift; path = "String+setStyle.swift"; sourceTree = "<group>"; };
		11A8F63C29E195A70048EF2E /* UIImage+make.swift */ = {isa = PBXFileReference; lastKnownFileType = sourcecode.swift; path = "UIImage+make.swift"; sourceTree = "<group>"; };
		11CF2AD529C896D50065D47F /* UITextField+make.swift */ = {isa = PBXFileReference; lastKnownFileType = sourcecode.swift; path = "UITextField+make.swift"; sourceTree = "<group>"; };
		11CF2AFA29CC23DB0065D47F /* UILabel+make.swift */ = {isa = PBXFileReference; lastKnownFileType = sourcecode.swift; path = "UILabel+make.swift"; sourceTree = "<group>"; };
		11CF2AFE29CC3FE70065D47F /* HeaderNamedView.swift */ = {isa = PBXFileReference; lastKnownFileType = sourcecode.swift; path = HeaderNamedView.swift; sourceTree = "<group>"; };
		11CF2B0029CD8B3B0065D47F /* FooterTotalPriceView.swift */ = {isa = PBXFileReference; lastKnownFileType = sourcecode.swift; path = FooterTotalPriceView.swift; sourceTree = "<group>"; };
		11E5F4A929BDE87200B979B4 /* ImageName.swift */ = {isa = PBXFileReference; lastKnownFileType = sourcecode.swift; path = ImageName.swift; sourceTree = "<group>"; };
		11E5F4AC29BE095200B979B4 /* CartProduct.swift */ = {isa = PBXFileReference; lastKnownFileType = sourcecode.swift; path = CartProduct.swift; sourceTree = "<group>"; };
		11E5F4AE29BE09EA00B979B4 /* Product.swift */ = {isa = PBXFileReference; lastKnownFileType = sourcecode.swift; path = Product.swift; sourceTree = "<group>"; };
		11E5F4B229BF398A00B979B4 /* CATransitionFactory.swift */ = {isa = PBXFileReference; fileEncoding = 4; lastKnownFileType = sourcecode.swift; path = CATransitionFactory.swift; sourceTree = "<group>"; };
		11F0DAC929E85868003ADE45 /* HeaderBrandedView.swift */ = {isa = PBXFileReference; lastKnownFileType = sourcecode.swift; path = HeaderBrandedView.swift; sourceTree = "<group>"; };
/* End PBXFileReference section */

/* Begin PBXFrameworksBuildPhase section */
		1186C92A299FFA66002852BB /* Frameworks */ = {
			isa = PBXFrameworksBuildPhase;
			buildActionMask = 2147483647;
			files = (
				117CB24C29AE1185006F4192 /* SnapKit in Frameworks */,
			);
			runOnlyForDeploymentPostprocessing = 0;
		};
/* End PBXFrameworksBuildPhase section */

/* Begin PBXGroup section */
		1160A04A29E97064009AB1C6 /* PurchaseResultScreen */ = {
			isa = PBXGroup;
			children = (
				1160A04B29E970BF009AB1C6 /* PurchaseResultViewController.swift */,
				1160A04D29E970D6009AB1C6 /* PurchaseResultPresenter.swift */,
			);
			path = PurchaseResultScreen;
			sourceTree = "<group>";
		};
		1163018F29ED8F600031362C /* ErrorMessageScreen */ = {
			isa = PBXGroup;
			children = (
				1163019029ED8F810031362C /* ErrorMessageViewController.swift */,
				1163019229ED8FA30031362C /* ErrorMessagePresenter.swift */,
			);
			path = ErrorMessageScreen;
			sourceTree = "<group>";
		};
		117CB24D29AE11AC006F4192 /* StoreScreen */ = {
			isa = PBXGroup;
			children = (
				117CB24829AE10C6006F4192 /* StoreViewController.swift */,
				1185D6C629B72BD200833991 /* StorePresenter.swift */,
			);
			path = StoreScreen;
			sourceTree = "<group>";
		};
		117CB24E29AE11E4006F4192 /* ProductScreen */ = {
			isa = PBXGroup;
			children = (
				117CB25729AE140A006F4192 /* ProductViewController.swift */,
				1185D6C829B72BEE00833991 /* ProductPresenter.swift */,
			);
			path = ProductScreen;
			sourceTree = "<group>";
		};
		117CB24F29AE11F5006F4192 /* CartScreen */ = {
			isa = PBXGroup;
			children = (
				117CB25929AE1415006F4192 /* CartViewController.swift */,
				1185D6CA29B72BF800833991 /* CartPresenter.swift */,
			);
			path = CartScreen;
			sourceTree = "<group>";
		};
		117CB25029AE1206006F4192 /* CheckoutScreen */ = {
			isa = PBXGroup;
			children = (
				117CB25B29AE142E006F4192 /* CheckoutViewController.swift */,
				1185D6D029B72C1D00833991 /* CheckoutPresenter.swift */,
				11646EE429CF80AA004C9EC2 /* AddCheckoutDetailsView.swift */,
				111646CC29DF2767004EEE20 /* FilledAddressView.swift */,
				111646D429E09513004EEE20 /* FilledPaymentMethodView.swift */,
			);
			path = CheckoutScreen;
			sourceTree = "<group>";
		};
		117CB25129AE1250006F4192 /* AddressScreen */ = {
			isa = PBXGroup;
			children = (
				117CB25529AE13F4006F4192 /* AddressViewController.swift */,
				1185D6CC29B72C0600833991 /* AddressPresenter.swift */,
			);
			path = AddressScreen;
			sourceTree = "<group>";
		};
		117CB25229AE1297006F4192 /* PaymentMethodScreen */ = {
			isa = PBXGroup;
			children = (
				117CB25329AE13DE006F4192 /* PaymentMethodViewController.swift */,
				1185D6CE29B72C1000833991 /* PaymentMethodPresenter.swift */,
			);
			path = PaymentMethodScreen;
			sourceTree = "<group>";
		};
		1185D6D429B72C5700833991 /* Services */ = {
			isa = PBXGroup;
			children = (
				1185D6D529B72C7B00833991 /* JsonService */,
				1185D6D629B72CA100833991 /* WebService */,
			);
			path = Services;
			sourceTree = "<group>";
		};
		1185D6D529B72C7B00833991 /* JsonService */ = {
			isa = PBXGroup;
			children = (
			);
			path = JsonService;
			sourceTree = "<group>";
		};
		1185D6D629B72CA100833991 /* WebService */ = {
			isa = PBXGroup;
			children = (
			);
			path = WebService;
			sourceTree = "<group>";
		};
		1186C924299FFA66002852BB = {
			isa = PBXGroup;
			children = (
				1186C92F299FFA66002852BB /* FashionStore */,
				1186C92E299FFA66002852BB /* Products */,
			);
			sourceTree = "<group>";
		};
		1186C92E299FFA66002852BB /* Products */ = {
			isa = PBXGroup;
			children = (
				1186C92D299FFA66002852BB /* FashionStore.app */,
			);
			name = Products;
			sourceTree = "<group>";
		};
		1186C92F299FFA66002852BB /* FashionStore */ = {
			isa = PBXGroup;
			children = (
				1186C98D29A2ACDD002852BB /* Extentions */,
				1186C98429A29E05002852BB /* AppMain */,
				1186C98829A2A30E002852BB /* UI */,
				11E5F4AB29BE093900B979B4 /* Model */,
				1185D6D429B72C5700833991 /* Services */,
			);
			path = FashionStore;
			sourceTree = "<group>";
		};
		1186C98429A29E05002852BB /* AppMain */ = {
			isa = PBXGroup;
			children = (
				11E5F4B129BE338B00B979B4 /* Design */,
				1186C93E299FFA66002852BB /* Info.plist */,
				1186C93B299FFA66002852BB /* LaunchScreen.storyboard */,
				1185D6D729B72D8B00833991 /* ModuleBuilder.swift */,
				1185D6D929B72D9C00833991 /* Router.swift */,
				1186C930299FFA66002852BB /* AppDelegate.swift */,
				1186C932299FFA66002852BB /* SceneDelegate.swift */,
			);
			path = AppMain;
			sourceTree = "<group>";
		};
		1186C98529A29E1D002852BB /* Fonts */ = {
			isa = PBXGroup;
			children = (
				1186C98629A2A0B7002852BB /* TenorSans-Regular.ttf */,
			);
			path = Fonts;
			sourceTree = "<group>";
		};
		1186C98829A2A30E002852BB /* UI */ = {
			isa = PBXGroup;
			children = (
				11CF2AFD29CC3FAD0065D47F /* CommonViews */,
				117CB24D29AE11AC006F4192 /* StoreScreen */,
				117CB24E29AE11E4006F4192 /* ProductScreen */,
				117CB24F29AE11F5006F4192 /* CartScreen */,
				117CB25029AE1206006F4192 /* CheckoutScreen */,
				117CB25129AE1250006F4192 /* AddressScreen */,
				117CB25229AE1297006F4192 /* PaymentMethodScreen */,
				1160A04A29E97064009AB1C6 /* PurchaseResultScreen */,
				1163018F29ED8F600031362C /* ErrorMessageScreen */,
				1186C98929A2A324002852BB /* TestScreen */,
			);
			path = UI;
			sourceTree = "<group>";
		};
		1186C98929A2A324002852BB /* TestScreen */ = {
			isa = PBXGroup;
			children = (
				1186C936299FFA66002852BB /* TestStoryboard.storyboard */,
				1186C934299FFA66002852BB /* TestViewController.swift */,
				1185D6D229B72C2E00833991 /* TestPresenter.swift */,
			);
			path = TestScreen;
			sourceTree = "<group>";
		};
		1186C98D29A2ACDD002852BB /* Extentions */ = {
			isa = PBXGroup;
			children = (
				1186C98E29A2AD07002852BB /* String+setStyle.swift */,
				1185D6DB29B7C09500833991 /* UIButton+make.swift */,
				11CF2AD529C896D50065D47F /* UITextField+make.swift */,
				11E5F4B229BF398A00B979B4 /* CATransitionFactory.swift */,
				11CF2AFA29CC23DB0065D47F /* UILabel+make.swift */,
				114466C829D2D2B900E504F8 /* UIScrollView+make.swift */,
				114466CA29D2D36200E504F8 /* UIStackView+make.swift */,
				11A8F63C29E195A70048EF2E /* UIImage+make.swift */,
			);
			path = Extentions;
			sourceTree = "<group>";
		};
		11CF2AFD29CC3FAD0065D47F /* CommonViews */ = {
			isa = PBXGroup;
			children = (
				11F0DAC929E85868003ADE45 /* HeaderBrandedView.swift */,
				11CF2AFE29CC3FE70065D47F /* HeaderNamedView.swift */,
				11CF2B0029CD8B3B0065D47F /* FooterTotalPriceView.swift */,
				111646CE29E05DA3004EEE20 /* ContainerView.swift */,
			);
			path = CommonViews;
			sourceTree = "<group>";
		};
		11E5F4AB29BE093900B979B4 /* Model */ = {
			isa = PBXGroup;
			children = (
				11E5F4AC29BE095200B979B4 /* CartProduct.swift */,
				11E5F4AE29BE09EA00B979B4 /* Product.swift */,
				111646D029E086B1004EEE20 /* ChippingAddress.swift */,
				111646D229E0877F004EEE20 /* PaymentMethod.swift */,
			);
			path = Model;
			sourceTree = "<group>";
		};
		11E5F4B129BE338B00B979B4 /* Design */ = {
			isa = PBXGroup;
			children = (
				1186C98529A29E1D002852BB /* Fonts */,
				1186C939299FFA66002852BB /* Assets.xcassets */,
				11E5F4A929BDE87200B979B4 /* ImageName.swift */,
			);
			path = Design;
			sourceTree = "<group>";
		};
/* End PBXGroup section */

/* Begin PBXNativeTarget section */
		1186C92C299FFA66002852BB /* FashionStore */ = {
			isa = PBXNativeTarget;
			buildConfigurationList = 1186C941299FFA66002852BB /* Build configuration list for PBXNativeTarget "FashionStore" */;
			buildPhases = (
				1186C929299FFA66002852BB /* Sources */,
				1186C92A299FFA66002852BB /* Frameworks */,
				1186C92B299FFA66002852BB /* Resources */,
			);
			buildRules = (
			);
			dependencies = (
			);
			name = FashionStore;
			packageProductDependencies = (
				117CB24B29AE1185006F4192 /* SnapKit */,
			);
			productName = FashionStore;
			productReference = 1186C92D299FFA66002852BB /* FashionStore.app */;
			productType = "com.apple.product-type.application";
		};
/* End PBXNativeTarget section */

/* Begin PBXProject section */
		1186C925299FFA66002852BB /* Project object */ = {
			isa = PBXProject;
			attributes = {
				BuildIndependentTargetsInParallel = 1;
				LastSwiftUpdateCheck = 1420;
				LastUpgradeCheck = 1420;
				TargetAttributes = {
					1186C92C299FFA66002852BB = {
						CreatedOnToolsVersion = 14.2;
					};
				};
			};
			buildConfigurationList = 1186C928299FFA66002852BB /* Build configuration list for PBXProject "FashionStore" */;
			compatibilityVersion = "Xcode 14.0";
			developmentRegion = en;
			hasScannedForEncodings = 0;
			knownRegions = (
				en,
				Base,
			);
			mainGroup = 1186C924299FFA66002852BB;
			packageReferences = (
				117CB24A29AE1185006F4192 /* XCRemoteSwiftPackageReference "SnapKit" */,
			);
			productRefGroup = 1186C92E299FFA66002852BB /* Products */;
			projectDirPath = "";
			projectRoot = "";
			targets = (
				1186C92C299FFA66002852BB /* FashionStore */,
			);
		};
/* End PBXProject section */

/* Begin PBXResourcesBuildPhase section */
		1186C92B299FFA66002852BB /* Resources */ = {
			isa = PBXResourcesBuildPhase;
			buildActionMask = 2147483647;
			files = (
				1186C93D299FFA66002852BB /* LaunchScreen.storyboard in Resources */,
				1186C98729A2A0B7002852BB /* TenorSans-Regular.ttf in Resources */,
				1186C93A299FFA66002852BB /* Assets.xcassets in Resources */,
				1186C938299FFA66002852BB /* TestStoryboard.storyboard in Resources */,
			);
			runOnlyForDeploymentPostprocessing = 0;
		};
/* End PBXResourcesBuildPhase section */

/* Begin PBXSourcesBuildPhase section */
		1186C929299FFA66002852BB /* Sources */ = {
			isa = PBXSourcesBuildPhase;
			buildActionMask = 2147483647;
			files = (
				1185D6CB29B72BF800833991 /* CartPresenter.swift in Sources */,
				1186C935299FFA66002852BB /* TestViewController.swift in Sources */,
				1186C931299FFA66002852BB /* AppDelegate.swift in Sources */,
				117CB25A29AE1415006F4192 /* CartViewController.swift in Sources */,
				111646D129E086B1004EEE20 /* ChippingAddress.swift in Sources */,
				1163019129ED8F810031362C /* ErrorMessageViewController.swift in Sources */,
				1186C933299FFA66002852BB /* SceneDelegate.swift in Sources */,
				114466C929D2D2B900E504F8 /* UIScrollView+make.swift in Sources */,
				117CB25629AE13F4006F4192 /* AddressViewController.swift in Sources */,
				11CF2AFF29CC3FE70065D47F /* HeaderNamedView.swift in Sources */,
				1160A04C29E970BF009AB1C6 /* PurchaseResultViewController.swift in Sources */,
				117CB25C29AE142E006F4192 /* CheckoutViewController.swift in Sources */,
				1185D6CF29B72C1000833991 /* PaymentMethodPresenter.swift in Sources */,
				11CF2AD629C896D50065D47F /* UITextField+make.swift in Sources */,
				11F0DACA29E85868003ADE45 /* HeaderBrandedView.swift in Sources */,
				11E5F4AA29BDE87200B979B4 /* ImageName.swift in Sources */,
				11E5F4AD29BE095200B979B4 /* CartProduct.swift in Sources */,
				11E5F4B329BF398A00B979B4 /* CATransitionFactory.swift in Sources */,
				1185D6D329B72C2E00833991 /* TestPresenter.swift in Sources */,
				1160A04E29E970D6009AB1C6 /* PurchaseResultPresenter.swift in Sources */,
				117CB25429AE13DE006F4192 /* PaymentMethodViewController.swift in Sources */,
				11E5F4AF29BE09EA00B979B4 /* Product.swift in Sources */,
				1185D6D829B72D8B00833991 /* ModuleBuilder.swift in Sources */,
				1185D6D129B72C1D00833991 /* CheckoutPresenter.swift in Sources */,
				11A8F63D29E195A70048EF2E /* UIImage+make.swift in Sources */,
				111646D529E09513004EEE20 /* FilledPaymentMethodView.swift in Sources */,
				11CF2B0129CD8B3B0065D47F /* FooterTotalPriceView.swift in Sources */,
				1185D6DA29B72D9C00833991 /* Router.swift in Sources */,
				11CF2AFB29CC23DC0065D47F /* UILabel+make.swift in Sources */,
				1185D6CD29B72C0600833991 /* AddressPresenter.swift in Sources */,
				11646EE529CF80AA004C9EC2 /* AddCheckoutDetailsView.swift in Sources */,
				1185D6C729B72BD200833991 /* StorePresenter.swift in Sources */,
				111646CF29E05DA3004EEE20 /* ContainerView.swift in Sources */,
				114466CB29D2D36200E504F8 /* UIStackView+make.swift in Sources */,
				117CB25829AE140A006F4192 /* ProductViewController.swift in Sources */,
				1163019329ED8FA30031362C /* ErrorMessagePresenter.swift in Sources */,
				1185D6C929B72BEE00833991 /* ProductPresenter.swift in Sources */,
				1186C98F29A2AD07002852BB /* String+setStyle.swift in Sources */,
				117CB24929AE10C6006F4192 /* StoreViewController.swift in Sources */,
				111646D329E0877F004EEE20 /* PaymentMethod.swift in Sources */,
				1185D6DC29B7C09500833991 /* UIButton+make.swift in Sources */,
				111646CD29DF2767004EEE20 /* FilledAddressView.swift in Sources */,
			);
			runOnlyForDeploymentPostprocessing = 0;
		};
/* End PBXSourcesBuildPhase section */

/* Begin PBXVariantGroup section */
		1186C936299FFA66002852BB /* TestStoryboard.storyboard */ = {
			isa = PBXVariantGroup;
			children = (
				1186C937299FFA66002852BB /* Base */,
			);
			name = TestStoryboard.storyboard;
			sourceTree = "<group>";
		};
		1186C93B299FFA66002852BB /* LaunchScreen.storyboard */ = {
			isa = PBXVariantGroup;
			children = (
				1186C93C299FFA66002852BB /* Base */,
			);
			name = LaunchScreen.storyboard;
			sourceTree = "<group>";
		};
/* End PBXVariantGroup section */

/* Begin XCBuildConfiguration section */
		1186C93F299FFA66002852BB /* Debug */ = {
			isa = XCBuildConfiguration;
			buildSettings = {
				ALWAYS_SEARCH_USER_PATHS = NO;
				CLANG_ANALYZER_NONNULL = YES;
				CLANG_ANALYZER_NUMBER_OBJECT_CONVERSION = YES_AGGRESSIVE;
				CLANG_CXX_LANGUAGE_STANDARD = "gnu++20";
				CLANG_ENABLE_MODULES = YES;
				CLANG_ENABLE_OBJC_ARC = YES;
				CLANG_ENABLE_OBJC_WEAK = YES;
				CLANG_WARN_BLOCK_CAPTURE_AUTORELEASING = YES;
				CLANG_WARN_BOOL_CONVERSION = YES;
				CLANG_WARN_COMMA = YES;
				CLANG_WARN_CONSTANT_CONVERSION = YES;
				CLANG_WARN_DEPRECATED_OBJC_IMPLEMENTATIONS = YES;
				CLANG_WARN_DIRECT_OBJC_ISA_USAGE = YES_ERROR;
				CLANG_WARN_DOCUMENTATION_COMMENTS = YES;
				CLANG_WARN_EMPTY_BODY = YES;
				CLANG_WARN_ENUM_CONVERSION = YES;
				CLANG_WARN_INFINITE_RECURSION = YES;
				CLANG_WARN_INT_CONVERSION = YES;
				CLANG_WARN_NON_LITERAL_NULL_CONVERSION = YES;
				CLANG_WARN_OBJC_IMPLICIT_RETAIN_SELF = YES;
				CLANG_WARN_OBJC_LITERAL_CONVERSION = YES;
				CLANG_WARN_OBJC_ROOT_CLASS = YES_ERROR;
				CLANG_WARN_QUOTED_INCLUDE_IN_FRAMEWORK_HEADER = YES;
				CLANG_WARN_RANGE_LOOP_ANALYSIS = YES;
				CLANG_WARN_STRICT_PROTOTYPES = YES;
				CLANG_WARN_SUSPICIOUS_MOVE = YES;
				CLANG_WARN_UNGUARDED_AVAILABILITY = YES_AGGRESSIVE;
				CLANG_WARN_UNREACHABLE_CODE = YES;
				CLANG_WARN__DUPLICATE_METHOD_MATCH = YES;
				COPY_PHASE_STRIP = NO;
				DEBUG_INFORMATION_FORMAT = dwarf;
				ENABLE_STRICT_OBJC_MSGSEND = YES;
				ENABLE_TESTABILITY = YES;
				GCC_C_LANGUAGE_STANDARD = gnu11;
				GCC_DYNAMIC_NO_PIC = NO;
				GCC_NO_COMMON_BLOCKS = YES;
				GCC_OPTIMIZATION_LEVEL = 0;
				GCC_PREPROCESSOR_DEFINITIONS = (
					"DEBUG=1",
					"$(inherited)",
				);
				GCC_WARN_64_TO_32_BIT_CONVERSION = YES;
				GCC_WARN_ABOUT_RETURN_TYPE = YES_ERROR;
				GCC_WARN_UNDECLARED_SELECTOR = YES;
				GCC_WARN_UNINITIALIZED_AUTOS = YES_AGGRESSIVE;
				GCC_WARN_UNUSED_FUNCTION = YES;
				GCC_WARN_UNUSED_VARIABLE = YES;
				IPHONEOS_DEPLOYMENT_TARGET = 16.2;
				MTL_ENABLE_DEBUG_INFO = INCLUDE_SOURCE;
				MTL_FAST_MATH = YES;
				ONLY_ACTIVE_ARCH = YES;
				SDKROOT = iphoneos;
				SWIFT_ACTIVE_COMPILATION_CONDITIONS = DEBUG;
				SWIFT_OPTIMIZATION_LEVEL = "-Onone";
			};
			name = Debug;
		};
		1186C940299FFA66002852BB /* Release */ = {
			isa = XCBuildConfiguration;
			buildSettings = {
				ALWAYS_SEARCH_USER_PATHS = NO;
				CLANG_ANALYZER_NONNULL = YES;
				CLANG_ANALYZER_NUMBER_OBJECT_CONVERSION = YES_AGGRESSIVE;
				CLANG_CXX_LANGUAGE_STANDARD = "gnu++20";
				CLANG_ENABLE_MODULES = YES;
				CLANG_ENABLE_OBJC_ARC = YES;
				CLANG_ENABLE_OBJC_WEAK = YES;
				CLANG_WARN_BLOCK_CAPTURE_AUTORELEASING = YES;
				CLANG_WARN_BOOL_CONVERSION = YES;
				CLANG_WARN_COMMA = YES;
				CLANG_WARN_CONSTANT_CONVERSION = YES;
				CLANG_WARN_DEPRECATED_OBJC_IMPLEMENTATIONS = YES;
				CLANG_WARN_DIRECT_OBJC_ISA_USAGE = YES_ERROR;
				CLANG_WARN_DOCUMENTATION_COMMENTS = YES;
				CLANG_WARN_EMPTY_BODY = YES;
				CLANG_WARN_ENUM_CONVERSION = YES;
				CLANG_WARN_INFINITE_RECURSION = YES;
				CLANG_WARN_INT_CONVERSION = YES;
				CLANG_WARN_NON_LITERAL_NULL_CONVERSION = YES;
				CLANG_WARN_OBJC_IMPLICIT_RETAIN_SELF = YES;
				CLANG_WARN_OBJC_LITERAL_CONVERSION = YES;
				CLANG_WARN_OBJC_ROOT_CLASS = YES_ERROR;
				CLANG_WARN_QUOTED_INCLUDE_IN_FRAMEWORK_HEADER = YES;
				CLANG_WARN_RANGE_LOOP_ANALYSIS = YES;
				CLANG_WARN_STRICT_PROTOTYPES = YES;
				CLANG_WARN_SUSPICIOUS_MOVE = YES;
				CLANG_WARN_UNGUARDED_AVAILABILITY = YES_AGGRESSIVE;
				CLANG_WARN_UNREACHABLE_CODE = YES;
				CLANG_WARN__DUPLICATE_METHOD_MATCH = YES;
				COPY_PHASE_STRIP = NO;
				DEBUG_INFORMATION_FORMAT = "dwarf-with-dsym";
				ENABLE_NS_ASSERTIONS = NO;
				ENABLE_STRICT_OBJC_MSGSEND = YES;
				GCC_C_LANGUAGE_STANDARD = gnu11;
				GCC_NO_COMMON_BLOCKS = YES;
				GCC_WARN_64_TO_32_BIT_CONVERSION = YES;
				GCC_WARN_ABOUT_RETURN_TYPE = YES_ERROR;
				GCC_WARN_UNDECLARED_SELECTOR = YES;
				GCC_WARN_UNINITIALIZED_AUTOS = YES_AGGRESSIVE;
				GCC_WARN_UNUSED_FUNCTION = YES;
				GCC_WARN_UNUSED_VARIABLE = YES;
				IPHONEOS_DEPLOYMENT_TARGET = 16.2;
				MTL_ENABLE_DEBUG_INFO = NO;
				MTL_FAST_MATH = YES;
				SDKROOT = iphoneos;
				SWIFT_COMPILATION_MODE = wholemodule;
				SWIFT_OPTIMIZATION_LEVEL = "-O";
				VALIDATE_PRODUCT = YES;
			};
			name = Release;
		};
		1186C942299FFA66002852BB /* Debug */ = {
			isa = XCBuildConfiguration;
			buildSettings = {
				ASSETCATALOG_COMPILER_APPICON_NAME = AppIcon;
				ASSETCATALOG_COMPILER_GLOBAL_ACCENT_COLOR_NAME = AccentColor;
				CODE_SIGN_IDENTITY = "Apple Development";
				CODE_SIGN_STYLE = Automatic;
				CURRENT_PROJECT_VERSION = 1;
				DEVELOPMENT_TEAM = 3NTG39P2L6;
				GENERATE_INFOPLIST_FILE = YES;
				INFOPLIST_FILE = FashionStore/AppMain/Info.plist;
				INFOPLIST_KEY_CFBundleDisplayName = "Fashion Store";
				INFOPLIST_KEY_UIApplicationSupportsIndirectInputEvents = YES;
				INFOPLIST_KEY_UILaunchStoryboardName = LaunchScreen;
				INFOPLIST_KEY_UIMainStoryboardFile = TestStoryboard;
				INFOPLIST_KEY_UISupportedInterfaceOrientations = UIInterfaceOrientationPortrait;
				INFOPLIST_KEY_UISupportedInterfaceOrientations_iPad = "UIInterfaceOrientationLandscapeLeft UIInterfaceOrientationLandscapeRight UIInterfaceOrientationPortrait UIInterfaceOrientationPortraitUpsideDown";
				INFOPLIST_KEY_UIUserInterfaceStyle = Light;
				LD_RUNPATH_SEARCH_PATHS = (
					"$(inherited)",
					"@executable_path/Frameworks",
				);
				MARKETING_VERSION = 1.0;
				PRODUCT_BUNDLE_IDENTIFIER = com.vnazimko.FashionStore;
				PRODUCT_NAME = "$(TARGET_NAME)";
				PROVISIONING_PROFILE_SPECIFIER = "";
				SWIFT_EMIT_LOC_STRINGS = YES;
				SWIFT_VERSION = 5.0;
				TARGETED_DEVICE_FAMILY = "1,2";
			};
			name = Debug;
		};
		1186C943299FFA66002852BB /* Release */ = {
			isa = XCBuildConfiguration;
			buildSettings = {
				ASSETCATALOG_COMPILER_APPICON_NAME = AppIcon;
				ASSETCATALOG_COMPILER_GLOBAL_ACCENT_COLOR_NAME = AccentColor;
				CODE_SIGN_IDENTITY = "Apple Development";
				CODE_SIGN_STYLE = Automatic;
				CURRENT_PROJECT_VERSION = 1;
				DEVELOPMENT_TEAM = 3NTG39P2L6;
				GENERATE_INFOPLIST_FILE = YES;
				INFOPLIST_FILE = FashionStore/AppMain/Info.plist;
				INFOPLIST_KEY_CFBundleDisplayName = "Fashion Store";
				INFOPLIST_KEY_UIApplicationSupportsIndirectInputEvents = YES;
				INFOPLIST_KEY_UILaunchStoryboardName = LaunchScreen;
				INFOPLIST_KEY_UIMainStoryboardFile = TestStoryboard;
				INFOPLIST_KEY_UISupportedInterfaceOrientations = UIInterfaceOrientationPortrait;
				INFOPLIST_KEY_UISupportedInterfaceOrientations_iPad = "UIInterfaceOrientationLandscapeLeft UIInterfaceOrientationLandscapeRight UIInterfaceOrientationPortrait UIInterfaceOrientationPortraitUpsideDown";
				INFOPLIST_KEY_UIUserInterfaceStyle = Light;
				LD_RUNPATH_SEARCH_PATHS = (
					"$(inherited)",
					"@executable_path/Frameworks",
				);
				MARKETING_VERSION = 1.0;
				PRODUCT_BUNDLE_IDENTIFIER = com.vnazimko.FashionStore;
				PRODUCT_NAME = "$(TARGET_NAME)";
				PROVISIONING_PROFILE_SPECIFIER = "";
				SWIFT_EMIT_LOC_STRINGS = YES;
				SWIFT_VERSION = 5.0;
				TARGETED_DEVICE_FAMILY = "1,2";
			};
			name = Release;
		};
/* End XCBuildConfiguration section */

/* Begin XCConfigurationList section */
		1186C928299FFA66002852BB /* Build configuration list for PBXProject "FashionStore" */ = {
			isa = XCConfigurationList;
			buildConfigurations = (
				1186C93F299FFA66002852BB /* Debug */,
				1186C940299FFA66002852BB /* Release */,
			);
			defaultConfigurationIsVisible = 0;
			defaultConfigurationName = Release;
		};
		1186C941299FFA66002852BB /* Build configuration list for PBXNativeTarget "FashionStore" */ = {
			isa = XCConfigurationList;
			buildConfigurations = (
				1186C942299FFA66002852BB /* Debug */,
				1186C943299FFA66002852BB /* Release */,
			);
			defaultConfigurationIsVisible = 0;
			defaultConfigurationName = Release;
		};
/* End XCConfigurationList section */

/* Begin XCRemoteSwiftPackageReference section */
		117CB24A29AE1185006F4192 /* XCRemoteSwiftPackageReference "SnapKit" */ = {
			isa = XCRemoteSwiftPackageReference;
			repositoryURL = "https://github.com/SnapKit/SnapKit.git";
			requirement = {
				kind = upToNextMajorVersion;
				minimumVersion = 5.0.0;
			};
		};
/* End XCRemoteSwiftPackageReference section */

/* Begin XCSwiftPackageProductDependency section */
		117CB24B29AE1185006F4192 /* SnapKit */ = {
			isa = XCSwiftPackageProductDependency;
			package = 117CB24A29AE1185006F4192 /* XCRemoteSwiftPackageReference "SnapKit" */;
			productName = SnapKit;
		};
/* End XCSwiftPackageProductDependency section */
	};
	rootObject = 1186C925299FFA66002852BB /* Project object */;
}
